{
  "nodes": {
    "agents": {
      "flake": false,
      "locked": {
        "lastModified": 1780868658,
        "narHash": "sha256-kfChpPC8l8p46Q2YkRdVxLb7z/UKZcWDGdJUiyTE8vk=",
        "owner": "mads-lyssna",
        "repo": "agents",
        "rev": "f956d833e735528a58238975be4cfe58581c1214",
        "type": "github"
      },
      "original": {
        "owner": "mads-lyssna",
        "repo": "agents",
        "type": "github"
      }
    },
    "catppuccin": {
      "inputs": {
        "nixpkgs": [
          "nixpkgs"
        ]
      },
      "locked": {
        "lastModified": 1780833533,
        "narHash": "sha256-0StMUC1sOkiQq7qoLQpobwVlad09EA5cy7HZit172Fw=",
        "owner": "catppuccin",
        "repo": "nix",
        "rev": "4dd4177dc14b0c0b23bf3ce403f813be0c4c30de",
        "type": "github"
      },
      "original": {
        "owner": "catppuccin",
        "repo": "nix",
        "type": "github"
      }
    },
    "catppuccin-godot": {
      "flake": false,
      "locked": {
        "lastModified": 1725282184,
        "narHash": "sha256-Og69rMEsygVYpWVGvJGsCydQzRC9BXBQxyrJ4kfdUEo=",
        "owner": "catppuccin",
        "repo": "godot",
        "rev": "d8b72b679078f0103a5e5c1ef793c1d698a563b1",
        "type": "github"
      },
      "original": {
        "owner": "catppuccin",
        "repo": "godot",
        "type": "github"
      }
    },
    "home-manager": {
      "inputs": {
        "nixpkgs": [
          "nixpkgs"
        ]
      },
      "locked": {
        "lastModified": 1780943742,
        "narHash": "sha256-01bTMR9ZPG+uxPaZBeOwagg5uxIaFYs2/3YIrOX+bCA=",
        "owner": "nix-community",
        "repo": "home-manager",
        "rev": "df39142474950e42d5fc3bf2fef9d6c62abbe8d7",
        "type": "github"
      },
      "original": {
        "owner": "nix-community",
        "ref": "master",
        "repo": "home-manager",
        "type": "github"
      }
    },
    "nixpkgs": {
      "locked": {
        "lastModified": 1780747962,
        "narHash": "sha256-IX7G1dlKrOqPOImfbo7ADDfV5yU1+j+MRChI3TL4tAA=",
        "owner": "NixOS",
        "repo": "nixpkgs",
        "rev": "cbb5cf358f50aa6acc9efd6113b7bcfbc352cd73",
        "type": "github"
      },
      "original": {
        "owner": "NixOS",
        "ref": "nixpkgs-unstable",
        "repo": "nixpkgs",
        "type": "github"
      }
    },
    "root": {
      "inputs": {
        "agents": "agents",
        "catppuccin": "catppuccin",
        "catppuccin-godot": "catppuccin-godot",
        "home-manager": "home-manager",
        "nixpkgs": "nixpkgs"
      }
    }
  },
  "root": "root",
  "version": 7
}
